
Microsoft Visual Studio Solution File, Format Version 12.00
# Visual Studio 15
VisualStudioVersion = 15.0.27428.2043
MinimumVisualStudioVersion = 10.0.40219.1
Project("{8BC9CEB8-8B4A-11D0-8D11-00A0C91BC942}") = "citest", "citest\citest.vcxproj", "{62E90900-AB6D-40CA-9BC1-C8A04F6F4BB6}"
EndProject
Global
	GlobalSection(SolutionConfigurationPlatforms) = preSolution
		Debug|x64 = Debug|x64
		Debug|x86 = Debug|x86
		Release|x64 = Release|x64
		Release|x86 = Release|x86
	EndGlobalSection
	GlobalSection(ProjectConfigurationPlatforms) = postSolution
		{62E90900-AB6D-40CA-9BC1-C8A04F6F4BB6}.Debug|x64.ActiveCfg = Debug|x64
		{62E90900-AB6D-40CA-9BC1-C8A04F6F4BB6}.Debug|x64.Build.0 = Debug|x64
		{62E90900-AB6D-40CA-9BC1-C8A04F6F4BB6}.Debug|x86.ActiveCfg = Debug|Win32
		{62E90900-AB6D-40CA-9BC1-C8A04F6F4BB6}.Debug|x86.Build.0 = Debug|Win32
		{62E90900-AB6D-40CA-9BC1-C8A04F6F4BB6}.Release|x64.ActiveCfg = Release|x64
		{62E90900-AB6D-40CA-9BC1-C8A04F6F4BB6}.Release|x64.Build.0 = Release|x64
		{62E90900-AB6D-40CA-9BC1-C8A04F6F4BB6}.Release|x86.ActiveCfg = Release|Win32
		{62E90900-AB6D-40CA-9BC1-C8A04F6F4BB6}.Release|x86.Build.0 = Release|Win32
	EndGlobalSection
	GlobalSection(SolutionProperties) = preSolution
		HideSolutionNode = FALSE
	EndGlobalSection
	GlobalSection(ExtensibilityGlobals) = postSolution
		SolutionGuid = {8488221B-887E-4D09-974A-74DEF847F7E7}
	EndGlobalSection
EndGlobal
